// !$*UTF8*$!
{
	archiveVersion = 1;
	classes = {
	};
	objectVersion = 56;
	objects = {

/* Begin PBXBuildFile section */
		C4A86C662A1649BE00C4391A /* AppDelegate.swift in Sources */ = {isa = PBXBuildFile; fileRef = C4A86C652A1649BE00C4391A /* AppDelegate.swift */; };
		C4A86C682A1649BE00C4391A /* GameScene.sks in Resources */ = {isa = PBXBuildFile; fileRef = C4A86C672A1649BE00C4391A /* GameScene.sks */; };
		C4A86C6A2A1649BE00C4391A /* Actions.sks in Resources */ = {isa = PBXBuildFile; fileRef = C4A86C692A1649BE00C4391A /* Actions.sks */; };
		C4A86C6C2A1649BE00C4391A /* GameScene.swift in Sources */ = {isa = PBXBuildFile; fileRef = C4A86C6B2A1649BE00C4391A /* GameScene.swift */; };
		C4A86C6E2A1649BE00C4391A /* GameViewController.swift in Sources */ = {isa = PBXBuildFile; fileRef = C4A86C6D2A1649BE00C4391A /* GameViewController.swift */; };
		C4A86C712A1649BE00C4391A /* Main.storyboard in Resources */ = {isa = PBXBuildFile; fileRef = C4A86C6F2A1649BE00C4391A /* Main.storyboard */; };
		C4A86C732A1649BF00C4391A /* Assets.xcassets in Resources */ = {isa = PBXBuildFile; fileRef = C4A86C722A1649BF00C4391A /* Assets.xcassets */; };
		C4A86C762A1649BF00C4391A /* LaunchScreen.storyboard in Resources */ = {isa = PBXBuildFile; fileRef = C4A86C742A1649BF00C4391A /* LaunchScreen.storyboard */; };
		C4A86CAD2A168E6400C4391A /* FightingScene.sks in Resources */ = {isa = PBXBuildFile; fileRef = C4A86CAC2A168E6400C4391A /* FightingScene.sks */; };
		C4A86CB12A168EA400C4391A /* FightingScene.swift in Sources */ = {isa = PBXBuildFile; fileRef = C4A86CB02A168EA400C4391A /* FightingScene.swift */; };
		C4A86CDA2A17561200C4391A /* FunctionSceneController.swift in Sources */ = {isa = PBXBuildFile; fileRef = C4A86CD92A17561200C4391A /* FunctionSceneController.swift */; };
		C4A86CDC2A175AA200C4391A /* PracticeScene.swift in Sources */ = {isa = PBXBuildFile; fileRef = C4A86CDB2A175AA200C4391A /* PracticeScene.swift */; };
		C4A86CDE2A175ABC00C4391A /* PracticeScene.sks in Resources */ = {isa = PBXBuildFile; fileRef = C4A86CDD2A175ABC00C4391A /* PracticeScene.sks */; };
		C4A86CE02A17EECF00C4391A /* ChickenState.swift in Sources */ = {isa = PBXBuildFile; fileRef = C4A86CDF2A17EECF00C4391A /* ChickenState.swift */; };
/* End PBXBuildFile section */

/* Begin PBXFileReference section */
		C4A86C622A1649BE00C4391A /* Sabung Ayam.app */ = {isa = PBXFileReference; explicitFileType = wrapper.application; includeInIndex = 0; path = "Sabung Ayam.app"; sourceTree = BUILT_PRODUCTS_DIR; };
		C4A86C652A1649BE00C4391A /* AppDelegate.swift */ = {isa = PBXFileReference; lastKnownFileType = sourcecode.swift; path = AppDelegate.swift; sourceTree = "<group>"; };
		C4A86C672A1649BE00C4391A /* GameScene.sks */ = {isa = PBXFileReference; lastKnownFileType = file.sks; path = GameScene.sks; sourceTree = "<group>"; };
		C4A86C692A1649BE00C4391A /* Actions.sks */ = {isa = PBXFileReference; lastKnownFileType = file.sks; path = Actions.sks; sourceTree = "<group>"; };
		C4A86C6B2A1649BE00C4391A /* GameScene.swift */ = {isa = PBXFileReference; lastKnownFileType = sourcecode.swift; path = GameScene.swift; sourceTree = "<group>"; };
		C4A86C6D2A1649BE00C4391A /* GameViewController.swift */ = {isa = PBXFileReference; lastKnownFileType = sourcecode.swift; path = GameViewController.swift; sourceTree = "<group>"; };
		C4A86C702A1649BE00C4391A /* Base */ = {isa = PBXFileReference; lastKnownFileType = file.storyboard; name = Base; path = Base.lproj/Main.storyboard; sourceTree = "<group>"; };
		C4A86C722A1649BF00C4391A /* Assets.xcassets */ = {isa = PBXFileReference; lastKnownFileType = folder.assetcatalog; path = Assets.xcassets; sourceTree = "<group>"; };
		C4A86C752A1649BF00C4391A /* Base */ = {isa = PBXFileReference; lastKnownFileType = file.storyboard; name = Base; path = Base.lproj/LaunchScreen.storyboard; sourceTree = "<group>"; };
		C4A86CAC2A168E6400C4391A /* FightingScene.sks */ = {isa = PBXFileReference; lastKnownFileType = file.sks; path = FightingScene.sks; sourceTree = "<group>"; };
		C4A86CB02A168EA400C4391A /* FightingScene.swift */ = {isa = PBXFileReference; lastKnownFileType = sourcecode.swift; path = FightingScene.swift; sourceTree = "<group>"; };
		C4A86CD92A17561200C4391A /* FunctionSceneController.swift */ = {isa = PBXFileReference; lastKnownFileType = sourcecode.swift; path = FunctionSceneController.swift; sourceTree = "<group>"; };
		C4A86CDB2A175AA200C4391A /* PracticeScene.swift */ = {isa = PBXFileReference; lastKnownFileType = sourcecode.swift; path = PracticeScene.swift; sourceTree = "<group>"; };
		C4A86CDD2A175ABC00C4391A /* PracticeScene.sks */ = {isa = PBXFileReference; lastKnownFileType = file.sks; path = PracticeScene.sks; sourceTree = "<group>"; };
		C4A86CDF2A17EECF00C4391A /* ChickenState.swift */ = {isa = PBXFileReference; lastKnownFileType = sourcecode.swift; path = ChickenState.swift; sourceTree = "<group>"; };
/* End PBXFileReference section */

/* Begin PBXFrameworksBuildPhase section */
		C4A86C5F2A1649BE00C4391A /* Frameworks */ = {
			isa = PBXFrameworksBuildPhase;
			buildActionMask = 2147483647;
			files = (
			);
			runOnlyForDeploymentPostprocessing = 0;
		};
/* End PBXFrameworksBuildPhase section */

/* Begin PBXGroup section */
		C4A86C592A1649BE00C4391A = {
			isa = PBXGroup;
			children = (
				C4A86C642A1649BE00C4391A /* Sabung Ayam */,
				C4A86C632A1649BE00C4391A /* Products */,
			);
			sourceTree = "<group>";
		};
		C4A86C632A1649BE00C4391A /* Products */ = {
			isa = PBXGroup;
			children = (
				C4A86C622A1649BE00C4391A /* Sabung Ayam.app */,
			);
			name = Products;
			sourceTree = "<group>";
		};
		C4A86C642A1649BE00C4391A /* Sabung Ayam */ = {
			isa = PBXGroup;
			children = (
				C4A86C652A1649BE00C4391A /* AppDelegate.swift */,
				C4A86C6D2A1649BE00C4391A /* GameViewController.swift */,
				C4A86C6F2A1649BE00C4391A /* Main.storyboard */,
				C4A86C722A1649BF00C4391A /* Assets.xcassets */,
				C4A86C742A1649BF00C4391A /* LaunchScreen.storyboard */,
				C4A86CAE2A168E7600C4391A /* Scenes */,
			);
			path = "Sabung Ayam";
			sourceTree = "<group>";
		};
		C4A86CAE2A168E7600C4391A /* Scenes */ = {
			isa = PBXGroup;
			children = (
				C4A86CAF2A168E8200C4391A /* Controllers */,
				C4A86C672A1649BE00C4391A /* GameScene.sks */,
				C4A86C692A1649BE00C4391A /* Actions.sks */,
				C4A86CAC2A168E6400C4391A /* FightingScene.sks */,
				C4A86CDD2A175ABC00C4391A /* PracticeScene.sks */,
			);
			path = Scenes;
			sourceTree = "<group>";
		};
		C4A86CAF2A168E8200C4391A /* Controllers */ = {
			isa = PBXGroup;
			children = (
				C4A86C6B2A1649BE00C4391A /* GameScene.swift */,
				C4A86CB02A168EA400C4391A /* FightingScene.swift */,
				C4A86CDB2A175AA200C4391A /* PracticeScene.swift */,
				C4A86CD92A17561200C4391A /* FunctionSceneController.swift */,
				C4A86CDF2A17EECF00C4391A /* ChickenState.swift */,
			);
			path = Controllers;
			sourceTree = "<group>";
		};
/* End PBXGroup section */

/* Begin PBXNativeTarget section */
		C4A86C612A1649BE00C4391A /* Sabung Ayam */ = {
			isa = PBXNativeTarget;
			buildConfigurationList = C4A86C792A1649BF00C4391A /* Build configuration list for PBXNativeTarget "Sabung Ayam" */;
			buildPhases = (
				C4A86C5E2A1649BE00C4391A /* Sources */,
				C4A86C5F2A1649BE00C4391A /* Frameworks */,
				C4A86C602A1649BE00C4391A /* Resources */,
			);
			buildRules = (
			);
			dependencies = (
			);
			name = "Sabung Ayam";
			productName = "Sabung Ayam";
			productReference = C4A86C622A1649BE00C4391A /* Sabung Ayam.app */;
			productType = "com.apple.product-type.application";
		};
/* End PBXNativeTarget section */

/* Begin PBXProject section */
		C4A86C5A2A1649BE00C4391A /* Project object */ = {
			isa = PBXProject;
			attributes = {
				BuildIndependentTargetsInParallel = 1;
				LastSwiftUpdateCheck = 1430;
				LastUpgradeCheck = 1430;
				TargetAttributes = {
					C4A86C612A1649BE00C4391A = {
						CreatedOnToolsVersion = 14.3;
					};
				};
			};
			buildConfigurationList = C4A86C5D2A1649BE00C4391A /* Build configuration list for PBXProject "Sabung Ayam" */;
			compatibilityVersion = "Xcode 14.0";
			developmentRegion = en;
			hasScannedForEncodings = 0;
			knownRegions = (
				en,
				Base,
			);
			mainGroup = C4A86C592A1649BE00C4391A;
			productRefGroup = C4A86C632A1649BE00C4391A /* Products */;
			projectDirPath = "";
			projectRoot = "";
			targets = (
				C4A86C612A1649BE00C4391A /* Sabung Ayam */,
			);
		};
/* End PBXProject section */

/* Begin PBXResourcesBuildPhase section */
		C4A86C602A1649BE00C4391A /* Resources */ = {
			isa = PBXResourcesBuildPhase;
			buildActionMask = 2147483647;
			files = (
				C4A86CDE2A175ABC00C4391A /* PracticeScene.sks in Resources */,
				C4A86C712A1649BE00C4391A /* Main.storyboard in Resources */,
				C4A86C682A1649BE00C4391A /* GameScene.sks in Resources */,
				C4A86CAD2A168E6400C4391A /* FightingScene.sks in Resources */,
				C4A86C732A1649BF00C4391A /* Assets.xcassets in Resources */,
				C4A86C762A1649BF00C4391A /* LaunchScreen.storyboard in Resources */,
				C4A86C6A2A1649BE00C4391A /* Actions.sks in Resources */,
			);
			runOnlyForDeploymentPostprocessing = 0;
		};
/* End PBXResourcesBuildPhase section */

/* Begin PBXSourcesBuildPhase section */
		C4A86C5E2A1649BE00C4391A /* Sources */ = {
			isa = PBXSourcesBuildPhase;
			buildActionMask = 2147483647;
			files = (
				C4A86CB12A168EA400C4391A /* FightingScene.swift in Sources */,
				C4A86CDC2A175AA200C4391A /* PracticeScene.swift in Sources */,
				C4A86C6C2A1649BE00C4391A /* GameScene.swift in Sources */,
				C4A86C6E2A1649BE00C4391A /* GameViewController.swift in Sources */,
				C4A86CDA2A17561200C4391A /* FunctionSceneController.swift in Sources */,
				C4A86C662A1649BE00C4391A /* AppDelegate.swift in Sources */,
				C4A86CE02A17EECF00C4391A /* ChickenState.swift in Sources */,
			);
			runOnlyForDeploymentPostprocessing = 0;
		};
/* End PBXSourcesBuildPhase section */

/* Begin PBXVariantGroup section */
		C4A86C6F2A1649BE00C4391A /* Main.storyboard */ = {
			isa = PBXVariantGroup;
			children = (
				C4A86C702A1649BE00C4391A /* Base */,
			);
			name = Main.storyboard;
			sourceTree = "<group>";
		};
		C4A86C742A1649BF00C4391A /* LaunchScreen.storyboard */ = {
			isa = PBXVariantGroup;
			children = (
				C4A86C752A1649BF00C4391A /* Base */,
			);
			name = LaunchScreen.storyboard;
			sourceTree = "<group>";
		};
/* End PBXVariantGroup section */

/* Begin XCBuildConfiguration section */
		C4A86C772A1649BF00C4391A /* Debug */ = {
			isa = XCBuildConfiguration;
			buildSettings = {
				ALWAYS_SEARCH_USER_PATHS = NO;
				CLANG_ANALYZER_NONNULL = YES;
				CLANG_ANALYZER_NUMBER_OBJECT_CONVERSION = YES_AGGRESSIVE;
				CLANG_CXX_LANGUAGE_STANDARD = "gnu++20";
				CLANG_ENABLE_MODULES = YES;
				CLANG_ENABLE_OBJC_ARC = YES;
				CLANG_ENABLE_OBJC_WEAK = YES;
				CLANG_WARN_BLOCK_CAPTURE_AUTORELEASING = YES;
				CLANG_WARN_BOOL_CONVERSION = YES;
				CLANG_WARN_COMMA = YES;
				CLANG_WARN_CONSTANT_CONVERSION = YES;
				CLANG_WARN_DEPRECATED_OBJC_IMPLEMENTATIONS = YES;
				CLANG_WARN_DIRECT_OBJC_ISA_USAGE = YES_ERROR;
				CLANG_WARN_DOCUMENTATION_COMMENTS = YES;
				CLANG_WARN_EMPTY_BODY = YES;
				CLANG_WARN_ENUM_CONVERSION = YES;
				CLANG_WARN_INFINITE_RECURSION = YES;
				CLANG_WARN_INT_CONVERSION = YES;
				CLANG_WARN_NON_LITERAL_NULL_CONVERSION = YES;
				CLANG_WARN_OBJC_IMPLICIT_RETAIN_SELF = YES;
				CLANG_WARN_OBJC_LITERAL_CONVERSION = YES;
				CLANG_WARN_OBJC_ROOT_CLASS = YES_ERROR;
				CLANG_WARN_QUOTED_INCLUDE_IN_FRAMEWORK_HEADER = YES;
				CLANG_WARN_RANGE_LOOP_ANALYSIS = YES;
				CLANG_WARN_STRICT_PROTOTYPES = YES;
				CLANG_WARN_SUSPICIOUS_MOVE = YES;
				CLANG_WARN_UNGUARDED_AVAILABILITY = YES_AGGRESSIVE;
				CLANG_WARN_UNREACHABLE_CODE = YES;
				CLANG_WARN__DUPLICATE_METHOD_MATCH = YES;
				COPY_PHASE_STRIP = NO;
				DEBUG_INFORMATION_FORMAT = dwarf;
				ENABLE_STRICT_OBJC_MSGSEND = YES;
				ENABLE_TESTABILITY = YES;
				GCC_C_LANGUAGE_STANDARD = gnu11;
				GCC_DYNAMIC_NO_PIC = NO;
				GCC_NO_COMMON_BLOCKS = YES;
				GCC_OPTIMIZATION_LEVEL = 0;
				GCC_PREPROCESSOR_DEFINITIONS = (
					"DEBUG=1",
					"$(inherited)",
				);
				GCC_WARN_64_TO_32_BIT_CONVERSION = YES;
				GCC_WARN_ABOUT_RETURN_TYPE = YES_ERROR;
				GCC_WARN_UNDECLARED_SELECTOR = YES;
				GCC_WARN_UNINITIALIZED_AUTOS = YES_AGGRESSIVE;
				GCC_WARN_UNUSED_FUNCTION = YES;
				GCC_WARN_UNUSED_VARIABLE = YES;
				IPHONEOS_DEPLOYMENT_TARGET = 16.4;
				MTL_ENABLE_DEBUG_INFO = INCLUDE_SOURCE;
				MTL_FAST_MATH = YES;
				ONLY_ACTIVE_ARCH = YES;
				SDKROOT = iphoneos;
				SWIFT_ACTIVE_COMPILATION_CONDITIONS = DEBUG;
				SWIFT_OPTIMIZATION_LEVEL = "-Onone";
			};
			name = Debug;
		};
		C4A86C782A1649BF00C4391A /* Release */ = {
			isa = XCBuildConfiguration;
			buildSettings = {
				ALWAYS_SEARCH_USER_PATHS = NO;
				CLANG_ANALYZER_NONNULL = YES;
				CLANG_ANALYZER_NUMBER_OBJECT_CONVERSION = YES_AGGRESSIVE;
				CLANG_CXX_LANGUAGE_STANDARD = "gnu++20";
				CLANG_ENABLE_MODULES = YES;
				CLANG_ENABLE_OBJC_ARC = YES;
				CLANG_ENABLE_OBJC_WEAK = YES;
				CLANG_WARN_BLOCK_CAPTURE_AUTORELEASING = YES;
				CLANG_WARN_BOOL_CONVERSION = YES;
				CLANG_WARN_COMMA = YES;
				CLANG_WARN_CONSTANT_CONVERSION = YES;
				CLANG_WARN_DEPRECATED_OBJC_IMPLEMENTATIONS = YES;
				CLANG_WARN_DIRECT_OBJC_ISA_USAGE = YES_ERROR;
				CLANG_WARN_DOCUMENTATION_COMMENTS = YES;
				CLANG_WARN_EMPTY_BODY = YES;
				CLANG_WARN_ENUM_CONVERSION = YES;
				CLANG_WARN_INFINITE_RECURSION = YES;
				CLANG_WARN_INT_CONVERSION = YES;
				CLANG_WARN_NON_LITERAL_NULL_CONVERSION = YES;
				CLANG_WARN_OBJC_IMPLICIT_RETAIN_SELF = YES;
				CLANG_WARN_OBJC_LITERAL_CONVERSION = YES;
				CLANG_WARN_OBJC_ROOT_CLASS = YES_ERROR;
				CLANG_WARN_QUOTED_INCLUDE_IN_FRAMEWORK_HEADER = YES;
				CLANG_WARN_RANGE_LOOP_ANALYSIS = YES;
				CLANG_WARN_STRICT_PROTOTYPES = YES;
				CLANG_WARN_SUSPICIOUS_MOVE = YES;
				CLANG_WARN_UNGUARDED_AVAILABILITY = YES_AGGRESSIVE;
				CLANG_WARN_UNREACHABLE_CODE = YES;
				CLANG_WARN__DUPLICATE_METHOD_MATCH = YES;
				COPY_PHASE_STRIP = NO;
				DEBUG_INFORMATION_FORMAT = "dwarf-with-dsym";
				ENABLE_NS_ASSERTIONS = NO;
				ENABLE_STRICT_OBJC_MSGSEND = YES;
				GCC_C_LANGUAGE_STANDARD = gnu11;
				GCC_NO_COMMON_BLOCKS = YES;
				GCC_WARN_64_TO_32_BIT_CONVERSION = YES;
				GCC_WARN_ABOUT_RETURN_TYPE = YES_ERROR;
				GCC_WARN_UNDECLARED_SELECTOR = YES;
				GCC_WARN_UNINITIALIZED_AUTOS = YES_AGGRESSIVE;
				GCC_WARN_UNUSED_FUNCTION = YES;
				GCC_WARN_UNUSED_VARIABLE = YES;
				IPHONEOS_DEPLOYMENT_TARGET = 16.4;
				MTL_ENABLE_DEBUG_INFO = NO;
				MTL_FAST_MATH = YES;
				SDKROOT = iphoneos;
				SWIFT_COMPILATION_MODE = wholemodule;
				SWIFT_OPTIMIZATION_LEVEL = "-O";
				VALIDATE_PRODUCT = YES;
			};
			name = Release;
		};
		C4A86C7A2A1649BF00C4391A /* Debug */ = {
			isa = XCBuildConfiguration;
			buildSettings = {
				ASSETCATALOG_COMPILER_APPICON_NAME = AppIcon;
				ASSETCATALOG_COMPILER_GLOBAL_ACCENT_COLOR_NAME = AccentColor;
				CODE_SIGN_STYLE = Automatic;
				CURRENT_PROJECT_VERSION = 1;
				DEVELOPMENT_TEAM = U58Z5DC5TF;
				GENERATE_INFOPLIST_FILE = YES;
				INFOPLIST_KEY_LSApplicationCategoryType = "public.app-category.action-games";
				INFOPLIST_KEY_UIApplicationSupportsIndirectInputEvents = YES;
				INFOPLIST_KEY_UILaunchStoryboardName = LaunchScreen;
				INFOPLIST_KEY_UIMainStoryboardFile = Main;
				INFOPLIST_KEY_UIRequiresFullScreen = YES;
				INFOPLIST_KEY_UIStatusBarHidden = YES;
				INFOPLIST_KEY_UISupportedInterfaceOrientations = "UIInterfaceOrientationLandscapeLeft UIInterfaceOrientationLandscapeRight";
				IPHONEOS_DEPLOYMENT_TARGET = 12.0;
				LD_RUNPATH_SEARCH_PATHS = (
					"$(inherited)",
					"@executable_path/Frameworks",
				);
				MARKETING_VERSION = 1.0;
				PRODUCT_BUNDLE_IDENTIFIER = "satriaperd.Sabung-Ayam";
				PRODUCT_NAME = "$(TARGET_NAME)";
				SWIFT_EMIT_LOC_STRINGS = YES;
				SWIFT_VERSION = 5.0;
				TARGETED_DEVICE_FAMILY = "1,2";
			};
			name = Debug;
		};
		C4A86C7B2A1649BF00C4391A /* Release */ = {
			isa = XCBuildConfiguration;
			buildSettings = {
				ASSETCATALOG_COMPILER_APPICON_NAME = AppIcon;
				ASSETCATALOG_COMPILER_GLOBAL_ACCENT_COLOR_NAME = AccentColor;
				CODE_SIGN_STYLE = Automatic;
				CURRENT_PROJECT_VERSION = 1;
				DEVELOPMENT_TEAM = U58Z5DC5TF;
				GENERATE_INFOPLIST_FILE = YES;
				INFOPLIST_KEY_LSApplicationCategoryType = "public.app-category.action-games";
				INFOPLIST_KEY_UIApplicationSupportsIndirectInputEvents = YES;
				INFOPLIST_KEY_UILaunchStoryboardName = LaunchScreen;
				INFOPLIST_KEY_UIMainStoryboardFile = Main;
				INFOPLIST_KEY_UIRequiresFullScreen = YES;
				INFOPLIST_KEY_UIStatusBarHidden = YES;
				INFOPLIST_KEY_UISupportedInterfaceOrientations = "UIInterfaceOrientationLandscapeLeft UIInterfaceOrientationLandscapeRight";
				IPHONEOS_DEPLOYMENT_TARGET = 12.0;
				LD_RUNPATH_SEARCH_PATHS = (
					"$(inherited)",
					"@executable_path/Frameworks",
				);
				MARKETING_VERSION = 1.0;
				PRODUCT_BUNDLE_IDENTIFIER = "satriaperd.Sabung-Ayam";
				PRODUCT_NAME = "$(TARGET_NAME)";
				SWIFT_EMIT_LOC_STRINGS = YES;
				SWIFT_VERSION = 5.0;
				TARGETED_DEVICE_FAMILY = "1,2";
			};
			name = Release;
		};
/* End XCBuildConfiguration section */

/* Begin XCConfigurationList section */
		C4A86C5D2A1649BE00C4391A /* Build configuration list for PBXProject "Sabung Ayam" */ = {
			isa = XCConfigurationList;
			buildConfigurations = (
				C4A86C772A1649BF00C4391A /* Debug */,
				C4A86C782A1649BF00C4391A /* Release */,
			);
			defaultConfigurationIsVisible = 0;
			defaultConfigurationName = Release;
		};
		C4A86C792A1649BF00C4391A /* Build configuration list for PBXNativeTarget "Sabung Ayam" */ = {
			isa = XCConfigurationList;
			buildConfigurations = (
				C4A86C7A2A1649BF00C4391A /* Debug */,
				C4A86C7B2A1649BF00C4391A /* Release */,
			);
			defaultConfigurationIsVisible = 0;
			defaultConfigurationName = Release;
		};
/* End XCConfigurationList section */
	};
	rootObject = C4A86C5A2A1649BE00C4391A /* Project object */;
}
